
Microsoft Visual Studio Solution File, Format Version 12.00
# Visual Studio 15
VisualStudioVersion = 15.0.27130.2027
MinimumVisualStudioVersion = 10.0.40219.1
Project("{FAE04EC0-301F-11D3-BF4B-00C04F79EFBC}") = "Accounting", "Accounting\Accounting.csproj", "{C62C39BF-1DF0-4260-BFC7-E97F3EB58A9C}"
EndProject
Global
	GlobalSection(SolutionConfigurationPlatforms) = preSolution
		Debug|Any CPU = Debug|Any CPU
		Release|Any CPU = Release|Any CPU
	EndGlobalSection
	GlobalSection(ProjectConfigurationPlatforms) = postSolution
		{C62C39BF-1DF0-4260-BFC7-E97F3EB58A9C}.Debug|Any CPU.ActiveCfg = Debug|Any CPU
		{C62C39BF-1DF0-4260-BFC7-E97F3EB58A9C}.Debug|Any CPU.Build.0 = Debug|Any CPU
		{C62C39BF-1DF0-4260-BFC7-E97F3EB58A9C}.Release|Any CPU.ActiveCfg = Release|Any CPU
		{C62C39BF-1DF0-4260-BFC7-E97F3EB58A9C}.Release|Any CPU.Build.0 = Release|Any CPU
	EndGlobalSection
	GlobalSection(SolutionProperties) = preSolution
		HideSolutionNode = FALSE
	EndGlobalSection
	GlobalSection(ExtensibilityGlobals) = postSolution
		SolutionGuid = {1AFF3B77-13B7-435C-A45E-B8976FFD4BB4}
	EndGlobalSection
EndGlobal
